
Microsoft Visual Studio Solution File, Format Version 12.00
# Visual Studio Version 17
VisualStudioVersion = 17.3.32922.545
MinimumVisualStudioVersion = 10.0.40219.1
Project("{FAE04EC0-301F-11D3-BF4B-00C04F79EFBC}") = "BigInt", "BigInt\BigInt.csproj", "{1B7D3600-3B8D-4DDB-975D-A86689D54003}"
EndProject
Global
	GlobalSection(SolutionConfigurationPlatforms) = preSolution
		Debug|Any CPU = Debug|Any CPU
		Release|Any CPU = Release|Any CPU
	EndGlobalSection
	GlobalSection(ProjectConfigurationPlatforms) = postSolution
		{1B7D3600-3B8D-4DDB-975D-A86689D54003}.Debug|Any CPU.ActiveCfg = Debug|Any CPU
		{1B7D3600-3B8D-4DDB-975D-A86689D54003}.Debug|Any CPU.Build.0 = Debug|Any CPU
		{1B7D3600-3B8D-4DDB-975D-A86689D54003}.Release|Any CPU.ActiveCfg = Release|Any CPU
		{1B7D3600-3B8D-4DDB-975D-A86689D54003}.Release|Any CPU.Build.0 = Release|Any CPU
	EndGlobalSection
	GlobalSection(SolutionProperties) = preSolution
		HideSolutionNode = FALSE
	EndGlobalSection
	GlobalSection(ExtensibilityGlobals) = postSolution
		SolutionGuid = {226A13DA-C2DD-4CBD-ABB0-C08B4DE3C4E9}
	EndGlobalSection
EndGlobal
